// !$*UTF8*$!
{
	archiveVersion = 1;
	classes = {
	};
	objectVersion = 46;
	objects = {

/* Begin PBXBuildFile section */
		14078A6E1CC295A800523FB1 /* InitialLink.swift in Sources */ = {isa = PBXBuildFile; fileRef = 14078A6D1CC295A800523FB1 /* InitialLink.swift */; };
		14078A701CC295FA00523FB1 /* Link.swift in Sources */ = {isa = PBXBuildFile; fileRef = 14078A6F1CC295FA00523FB1 /* Link.swift */; };
		14078A721CC2963100523FB1 /* LinkTests.swift in Sources */ = {isa = PBXBuildFile; fileRef = 14078A711CC2963100523FB1 /* LinkTests.swift */; };
		14078A741CC29AD300523FB1 /* PassiveLinkTests.swift in Sources */ = {isa = PBXBuildFile; fileRef = 14078A731CC29AD300523FB1 /* PassiveLinkTests.swift */; };
		14078A761CC29AE900523FB1 /* PassiveLink.swift in Sources */ = {isa = PBXBuildFile; fileRef = 14078A751CC29AE900523FB1 /* PassiveLink.swift */; };
		14078A781CC29B5E00523FB1 /* BlockLinkTests.swift in Sources */ = {isa = PBXBuildFile; fileRef = 14078A771CC29B5E00523FB1 /* BlockLinkTests.swift */; };
		14078A7A1CC29B6D00523FB1 /* BlockLink.swift in Sources */ = {isa = PBXBuildFile; fileRef = 14078A791CC29B6D00523FB1 /* BlockLink.swift */; };
		14078A7C1CC29DCB00523FB1 /* ChainTests.swift in Sources */ = {isa = PBXBuildFile; fileRef = 14078A7B1CC29DCB00523FB1 /* ChainTests.swift */; };
		14078A7E1CC29E3100523FB1 /* Chain.swift in Sources */ = {isa = PBXBuildFile; fileRef = 14078A7D1CC29E3100523FB1 /* Chain.swift */; };
		14327C701CCFF67D00FA3689 /* ChainResultTests.swift in Sources */ = {isa = PBXBuildFile; fileRef = 14327C6F1CCFF67D00FA3689 /* ChainResultTests.swift */; };
		14706CB71CC2933500FBD876 /* Chain.h in Headers */ = {isa = PBXBuildFile; fileRef = 14706CB61CC2933500FBD876 /* Chain.h */; settings = {ATTRIBUTES = (Public, ); }; };
		14706CBE1CC2933500FBD876 /* Chain.framework in Frameworks */ = {isa = PBXBuildFile; fileRef = 14706CB31CC2933500FBD876 /* Chain.framework */; };
		14706CCE1CC2939100FBD876 /* Runnable.swift in Sources */ = {isa = PBXBuildFile; fileRef = 14706CCD1CC2939100FBD876 /* Runnable.swift */; };
		14DC6EC71CCAB13A009CB76B /* InitialLinkTests.swift in Sources */ = {isa = PBXBuildFile; fileRef = 14DC6EC61CCAB13A009CB76B /* InitialLinkTests.swift */; };
		14DC6ECA1CCAC0D9009CB76B /* TestError.swift in Sources */ = {isa = PBXBuildFile; fileRef = 14DC6EC91CCAC0D9009CB76B /* TestError.swift */; };
		14DC6ECD1CCAC4C7009CB76B /* MockLink.swift in Sources */ = {isa = PBXBuildFile; fileRef = 14DC6ECC1CCAC4C7009CB76B /* MockLink.swift */; };
		14DC6ECF1CCAC5D3009CB76B /* ChainResult.swift in Sources */ = {isa = PBXBuildFile; fileRef = 14DC6ECE1CCAC5D3009CB76B /* ChainResult.swift */; };
		14DC6ED11CCAC5E9009CB76B /* Error.swift in Sources */ = {isa = PBXBuildFile; fileRef = 14DC6ED01CCAC5E9009CB76B /* Error.swift */; };
/* End PBXBuildFile section */

/* Begin PBXContainerItemProxy section */
		14706CBF1CC2933500FBD876 /* PBXContainerItemProxy */ = {
			isa = PBXContainerItemProxy;
			containerPortal = 14706CAA1CC2933500FBD876 /* Project object */;
			proxyType = 1;
			remoteGlobalIDString = 14706CB21CC2933500FBD876;
			remoteInfo = Chain;
		};
/* End PBXContainerItemProxy section */

/* Begin PBXFileReference section */
		14078A6D1CC295A800523FB1 /* InitialLink.swift */ = {isa = PBXFileReference; fileEncoding = 4; lastKnownFileType = sourcecode.swift; path = InitialLink.swift; sourceTree = "<group>"; };
		14078A6F1CC295FA00523FB1 /* Link.swift */ = {isa = PBXFileReference; fileEncoding = 4; lastKnownFileType = sourcecode.swift; path = Link.swift; sourceTree = "<group>"; };
		14078A711CC2963100523FB1 /* LinkTests.swift */ = {isa = PBXFileReference; fileEncoding = 4; lastKnownFileType = sourcecode.swift; path = LinkTests.swift; sourceTree = "<group>"; };
		14078A731CC29AD300523FB1 /* PassiveLinkTests.swift */ = {isa = PBXFileReference; fileEncoding = 4; lastKnownFileType = sourcecode.swift; path = PassiveLinkTests.swift; sourceTree = "<group>"; };
		14078A751CC29AE900523FB1 /* PassiveLink.swift */ = {isa = PBXFileReference; fileEncoding = 4; lastKnownFileType = sourcecode.swift; path = PassiveLink.swift; sourceTree = "<group>"; };
		14078A771CC29B5E00523FB1 /* BlockLinkTests.swift */ = {isa = PBXFileReference; fileEncoding = 4; lastKnownFileType = sourcecode.swift; path = BlockLinkTests.swift; sourceTree = "<group>"; };
		14078A791CC29B6D00523FB1 /* BlockLink.swift */ = {isa = PBXFileReference; fileEncoding = 4; lastKnownFileType = sourcecode.swift; path = BlockLink.swift; sourceTree = "<group>"; };
		14078A7B1CC29DCB00523FB1 /* ChainTests.swift */ = {isa = PBXFileReference; fileEncoding = 4; lastKnownFileType = sourcecode.swift; path = ChainTests.swift; sourceTree = "<group>"; };
		14078A7D1CC29E3100523FB1 /* Chain.swift */ = {isa = PBXFileReference; fileEncoding = 4; lastKnownFileType = sourcecode.swift; path = Chain.swift; sourceTree = "<group>"; };
		14327C6F1CCFF67D00FA3689 /* ChainResultTests.swift */ = {isa = PBXFileReference; fileEncoding = 4; lastKnownFileType = sourcecode.swift; path = ChainResultTests.swift; sourceTree = "<group>"; };
		14706CB31CC2933500FBD876 /* Chain.framework */ = {isa = PBXFileReference; explicitFileType = wrapper.framework; includeInIndex = 0; path = Chain.framework; sourceTree = BUILT_PRODUCTS_DIR; };
		14706CB61CC2933500FBD876 /* Chain.h */ = {isa = PBXFileReference; lastKnownFileType = sourcecode.c.h; path = Chain.h; sourceTree = "<group>"; };
		14706CB81CC2933500FBD876 /* Info.plist */ = {isa = PBXFileReference; lastKnownFileType = text.plist.xml; path = Info.plist; sourceTree = "<group>"; };
		14706CBD1CC2933500FBD876 /* ChainTests.xctest */ = {isa = PBXFileReference; explicitFileType = wrapper.cfbundle; includeInIndex = 0; path = ChainTests.xctest; sourceTree = BUILT_PRODUCTS_DIR; };
		14706CC41CC2933500FBD876 /* Info.plist */ = {isa = PBXFileReference; lastKnownFileType = text.plist.xml; path = Info.plist; sourceTree = "<group>"; };
		14706CCD1CC2939100FBD876 /* Runnable.swift */ = {isa = PBXFileReference; fileEncoding = 4; lastKnownFileType = sourcecode.swift; path = Runnable.swift; sourceTree = "<group>"; };
		14DC6EC61CCAB13A009CB76B /* InitialLinkTests.swift */ = {isa = PBXFileReference; fileEncoding = 4; lastKnownFileType = sourcecode.swift; path = InitialLinkTests.swift; sourceTree = "<group>"; };
		14DC6EC91CCAC0D9009CB76B /* TestError.swift */ = {isa = PBXFileReference; fileEncoding = 4; lastKnownFileType = sourcecode.swift; path = TestError.swift; sourceTree = "<group>"; };
		14DC6ECC1CCAC4C7009CB76B /* MockLink.swift */ = {isa = PBXFileReference; fileEncoding = 4; lastKnownFileType = sourcecode.swift; path = MockLink.swift; sourceTree = "<group>"; };
		14DC6ECE1CCAC5D3009CB76B /* ChainResult.swift */ = {isa = PBXFileReference; fileEncoding = 4; lastKnownFileType = sourcecode.swift; path = ChainResult.swift; sourceTree = "<group>"; };
		14DC6ED01CCAC5E9009CB76B /* Error.swift */ = {isa = PBXFileReference; fileEncoding = 4; lastKnownFileType = sourcecode.swift; path = Error.swift; sourceTree = "<group>"; };
/* End PBXFileReference section */

/* Begin PBXFrameworksBuildPhase section */
		14706CAF1CC2933500FBD876 /* Frameworks */ = {
			isa = PBXFrameworksBuildPhase;
			buildActionMask = 2147483647;
			files = (
			);
			runOnlyForDeploymentPostprocessing = 0;
		};
		14706CBA1CC2933500FBD876 /* Frameworks */ = {
			isa = PBXFrameworksBuildPhase;
			buildActionMask = 2147483647;
			files = (
				14706CBE1CC2933500FBD876 /* Chain.framework in Frameworks */,
			);
			runOnlyForDeploymentPostprocessing = 0;
		};
/* End PBXFrameworksBuildPhase section */

/* Begin PBXGroup section */
		14706CA91CC2933500FBD876 = {
			isa = PBXGroup;
			children = (
				14706CB51CC2933500FBD876 /* Chain */,
				14706CC11CC2933500FBD876 /* ChainTests */,
				14706CB41CC2933500FBD876 /* Products */,
			);
			sourceTree = "<group>";
		};
		14706CB41CC2933500FBD876 /* Products */ = {
			isa = PBXGroup;
			children = (
				14706CB31CC2933500FBD876 /* Chain.framework */,
				14706CBD1CC2933500FBD876 /* ChainTests.xctest */,
			);
			name = Products;
			sourceTree = "<group>";
		};
		14706CB51CC2933500FBD876 /* Chain */ = {
			isa = PBXGroup;
			children = (
				14706CB61CC2933500FBD876 /* Chain.h */,
				14706CB81CC2933500FBD876 /* Info.plist */,
				14706CCD1CC2939100FBD876 /* Runnable.swift */,
				14078A6D1CC295A800523FB1 /* InitialLink.swift */,
				14078A6F1CC295FA00523FB1 /* Link.swift */,
				14078A751CC29AE900523FB1 /* PassiveLink.swift */,
				14078A791CC29B6D00523FB1 /* BlockLink.swift */,
				14078A7D1CC29E3100523FB1 /* Chain.swift */,
				14DC6ECE1CCAC5D3009CB76B /* ChainResult.swift */,
				14DC6ED01CCAC5E9009CB76B /* Error.swift */,
			);
			path = Chain;
			sourceTree = "<group>";
		};
		14706CC11CC2933500FBD876 /* ChainTests */ = {
			isa = PBXGroup;
			children = (
				14DC6EC81CCAC0D0009CB76B /* Helpers */,
				14DC6ECB1CCAC4BF009CB76B /* Mocks */,
				14706CC41CC2933500FBD876 /* Info.plist */,
				14078A711CC2963100523FB1 /* LinkTests.swift */,
				14078A731CC29AD300523FB1 /* PassiveLinkTests.swift */,
				14078A771CC29B5E00523FB1 /* BlockLinkTests.swift */,
				14078A7B1CC29DCB00523FB1 /* ChainTests.swift */,
				14DC6EC61CCAB13A009CB76B /* InitialLinkTests.swift */,
				14327C6F1CCFF67D00FA3689 /* ChainResultTests.swift */,
			);
			path = ChainTests;
			sourceTree = "<group>";
		};
		14DC6EC81CCAC0D0009CB76B /* Helpers */ = {
			isa = PBXGroup;
			children = (
				14DC6EC91CCAC0D9009CB76B /* TestError.swift */,
			);
			path = Helpers;
			sourceTree = "<group>";
		};
		14DC6ECB1CCAC4BF009CB76B /* Mocks */ = {
			isa = PBXGroup;
			children = (
				14DC6ECC1CCAC4C7009CB76B /* MockLink.swift */,
			);
			path = Mocks;
			sourceTree = "<group>";
		};
/* End PBXGroup section */

/* Begin PBXHeadersBuildPhase section */
		14706CB01CC2933500FBD876 /* Headers */ = {
			isa = PBXHeadersBuildPhase;
			buildActionMask = 2147483647;
			files = (
				14706CB71CC2933500FBD876 /* Chain.h in Headers */,
			);
			runOnlyForDeploymentPostprocessing = 0;
		};
/* End PBXHeadersBuildPhase section */

/* Begin PBXNativeTarget section */
		14706CB21CC2933500FBD876 /* Chain */ = {
			isa = PBXNativeTarget;
			buildConfigurationList = 14706CC71CC2933500FBD876 /* Build configuration list for PBXNativeTarget "Chain" */;
			buildPhases = (
				14706CAE1CC2933500FBD876 /* Sources */,
				14706CAF1CC2933500FBD876 /* Frameworks */,
				14706CB01CC2933500FBD876 /* Headers */,
				14706CB11CC2933500FBD876 /* Resources */,
			);
			buildRules = (
			);
			dependencies = (
			);
			name = Chain;
			productName = Chain;
			productReference = 14706CB31CC2933500FBD876 /* Chain.framework */;
			productType = "com.apple.product-type.framework";
		};
		14706CBC1CC2933500FBD876 /* ChainTests */ = {
			isa = PBXNativeTarget;
			buildConfigurationList = 14706CCA1CC2933500FBD876 /* Build configuration list for PBXNativeTarget "ChainTests" */;
			buildPhases = (
				14706CB91CC2933500FBD876 /* Sources */,
				14706CBA1CC2933500FBD876 /* Frameworks */,
				14706CBB1CC2933500FBD876 /* Resources */,
			);
			buildRules = (
			);
			dependencies = (
				14706CC01CC2933500FBD876 /* PBXTargetDependency */,
			);
			name = ChainTests;
			productName = ChainTests;
			productReference = 14706CBD1CC2933500FBD876 /* ChainTests.xctest */;
			productType = "com.apple.product-type.bundle.unit-test";
		};
/* End PBXNativeTarget section */

/* Begin PBXProject section */
		14706CAA1CC2933500FBD876 /* Project object */ = {
			isa = PBXProject;
			attributes = {
				LastSwiftUpdateCheck = 0730;
				LastUpgradeCheck = 0730;
				ORGANIZATIONNAME = "Sean Henry";
				TargetAttributes = {
					14706CB21CC2933500FBD876 = {
						CreatedOnToolsVersion = 7.3;
					};
					14706CBC1CC2933500FBD876 = {
						CreatedOnToolsVersion = 7.3;
					};
				};
			};
			buildConfigurationList = 14706CAD1CC2933500FBD876 /* Build configuration list for PBXProject "Chain" */;
			compatibilityVersion = "Xcode 3.2";
			developmentRegion = English;
			hasScannedForEncodings = 0;
			knownRegions = (
				en,
			);
			mainGroup = 14706CA91CC2933500FBD876;
			productRefGroup = 14706CB41CC2933500FBD876 /* Products */;
			projectDirPath = "";
			projectRoot = "";
			targets = (
				14706CB21CC2933500FBD876 /* Chain */,
				14706CBC1CC2933500FBD876 /* ChainTests */,
			);
		};
/* End PBXProject section */

/* Begin PBXResourcesBuildPhase section */
		14706CB11CC2933500FBD876 /* Resources */ = {
			isa = PBXResourcesBuildPhase;
			buildActionMask = 2147483647;
			files = (
			);
			runOnlyForDeploymentPostprocessing = 0;
		};
		14706CBB1CC2933500FBD876 /* Resources */ = {
			isa = PBXResourcesBuildPhase;
			buildActionMask = 2147483647;
			files = (
			);
			runOnlyForDeploymentPostprocessing = 0;
		};
/* End PBXResourcesBuildPhase section */

/* Begin PBXSourcesBuildPhase section */
		14706CAE1CC2933500FBD876 /* Sources */ = {
			isa = PBXSourcesBuildPhase;
			buildActionMask = 2147483647;
			files = (
				14DC6ED11CCAC5E9009CB76B /* Error.swift in Sources */,
				14078A7A1CC29B6D00523FB1 /* BlockLink.swift in Sources */,
				14078A701CC295FA00523FB1 /* Link.swift in Sources */,
				14078A761CC29AE900523FB1 /* PassiveLink.swift in Sources */,
				14078A7E1CC29E3100523FB1 /* Chain.swift in Sources */,
				14DC6ECF1CCAC5D3009CB76B /* ChainResult.swift in Sources */,
				14078A6E1CC295A800523FB1 /* InitialLink.swift in Sources */,
				14706CCE1CC2939100FBD876 /* Runnable.swift in Sources */,
			);
			runOnlyForDeploymentPostprocessing = 0;
		};
		14706CB91CC2933500FBD876 /* Sources */ = {
			isa = PBXSourcesBuildPhase;
			buildActionMask = 2147483647;
			files = (
				14DC6ECA1CCAC0D9009CB76B /* TestError.swift in Sources */,
				14078A781CC29B5E00523FB1 /* BlockLinkTests.swift in Sources */,
				14078A7C1CC29DCB00523FB1 /* ChainTests.swift in Sources */,
				14078A721CC2963100523FB1 /* LinkTests.swift in Sources */,
				14078A741CC29AD300523FB1 /* PassiveLinkTests.swift in Sources */,
				14DC6EC71CCAB13A009CB76B /* InitialLinkTests.swift in Sources */,
				14327C701CCFF67D00FA3689 /* ChainResultTests.swift in Sources */,
				14DC6ECD1CCAC4C7009CB76B /* MockLink.swift in Sources */,
			);
			runOnlyForDeploymentPostprocessing = 0;
		};
/* End PBXSourcesBuildPhase section */

/* Begin PBXTargetDependency section */
		14706CC01CC2933500FBD876 /* PBXTargetDependency */ = {
			isa = PBXTargetDependency;
			target = 14706CB21CC2933500FBD876 /* Chain */;
			targetProxy = 14706CBF1CC2933500FBD876 /* PBXContainerItemProxy */;
		};
/* End PBXTargetDependency section */

/* Begin XCBuildConfiguration section */
		14706CC51CC2933500FBD876 /* Debug */ = {
			isa = XCBuildConfiguration;
			buildSettings = {
				ALWAYS_SEARCH_USER_PATHS = NO;
				CLANG_ANALYZER_NONNULL = YES;
				CLANG_CXX_LANGUAGE_STANDARD = "gnu++0x";
				CLANG_CXX_LIBRARY = "libc++";
				CLANG_ENABLE_MODULES = YES;
				CLANG_ENABLE_OBJC_ARC = YES;
				CLANG_WARN_BOOL_CONVERSION = YES;
				CLANG_WARN_CONSTANT_CONVERSION = YES;
				CLANG_WARN_DIRECT_OBJC_ISA_USAGE = YES_ERROR;
				CLANG_WARN_EMPTY_BODY = YES;
				CLANG_WARN_ENUM_CONVERSION = YES;
				CLANG_WARN_INT_CONVERSION = YES;
				CLANG_WARN_OBJC_ROOT_CLASS = YES_ERROR;
				CLANG_WARN_UNREACHABLE_CODE = YES;
				CLANG_WARN__DUPLICATE_METHOD_MATCH = YES;
				"CODE_SIGN_IDENTITY[sdk=iphoneos*]" = "iPhone Developer";
				COPY_PHASE_STRIP = NO;
				CURRENT_PROJECT_VERSION = 1;
				DEBUG_INFORMATION_FORMAT = dwarf;
				ENABLE_STRICT_OBJC_MSGSEND = YES;
				ENABLE_TESTABILITY = YES;
				GCC_C_LANGUAGE_STANDARD = gnu99;
				GCC_DYNAMIC_NO_PIC = NO;
				GCC_NO_COMMON_BLOCKS = YES;
				GCC_OPTIMIZATION_LEVEL = 0;
				GCC_PREPROCESSOR_DEFINITIONS = (
					"DEBUG=1",
					"$(inherited)",
				);
				GCC_WARN_64_TO_32_BIT_CONVERSION = YES;
				GCC_WARN_ABOUT_RETURN_TYPE = YES_ERROR;
				GCC_WARN_UNDECLARED_SELECTOR = YES;
				GCC_WARN_UNINITIALIZED_AUTOS = YES_AGGRESSIVE;
				GCC_WARN_UNUSED_FUNCTION = YES;
				GCC_WARN_UNUSED_VARIABLE = YES;
				IPHONEOS_DEPLOYMENT_TARGET = 9.0;
				MTL_ENABLE_DEBUG_INFO = YES;
				ONLY_ACTIVE_ARCH = YES;
				SDKROOT = iphoneos;
				SWIFT_OPTIMIZATION_LEVEL = "-Onone";
				TARGETED_DEVICE_FAMILY = "1,2";
				VERSIONING_SYSTEM = "apple-generic";
				VERSION_INFO_PREFIX = "";
			};
			name = Debug;
		};
		14706CC61CC2933500FBD876 /* Release */ = {
			isa = XCBuildConfiguration;
			buildSettings = {
				ALWAYS_SEARCH_USER_PATHS = NO;
				CLANG_ANALYZER_NONNULL = YES;
				CLANG_CXX_LANGUAGE_STANDARD = "gnu++0x";
				CLANG_CXX_LIBRARY = "libc++";
				CLANG_ENABLE_MODULES = YES;
				CLANG_ENABLE_OBJC_ARC = YES;
				CLANG_WARN_BOOL_CONVERSION = YES;
				CLANG_WARN_CONSTANT_CONVERSION = YES;
				CLANG_WARN_DIRECT_OBJC_ISA_USAGE = YES_ERROR;
				CLANG_WARN_EMPTY_BODY = YES;
				CLANG_WARN_ENUM_CONVERSION = YES;
				CLANG_WARN_INT_CONVERSION = YES;
				CLANG_WARN_OBJC_ROOT_CLASS = YES_ERROR;
				CLANG_WARN_UNREACHABLE_CODE = YES;
				CLANG_WARN__DUPLICATE_METHOD_MATCH = YES;
				"CODE_SIGN_IDENTITY[sdk=iphoneos*]" = "iPhone Developer";
				COPY_PHASE_STRIP = NO;
				CURRENT_PROJECT_VERSION = 1;
				DEBUG_INFORMATION_FORMAT = "dwarf-with-dsym";
				ENABLE_NS_ASSERTIONS = NO;
				ENABLE_STRICT_OBJC_MSGSEND = YES;
				GCC_C_LANGUAGE_STANDARD = gnu99;
				GCC_NO_COMMON_BLOCKS = YES;
				GCC_WARN_64_TO_32_BIT_CONVERSION = YES;
				GCC_WARN_ABOUT_RETURN_TYPE = YES_ERROR;
				GCC_WARN_UNDECLARED_SELECTOR = YES;
				GCC_WARN_UNINITIALIZED_AUTOS = YES_AGGRESSIVE;
				GCC_WARN_UNUSED_FUNCTION = YES;
				GCC_WARN_UNUSED_VARIABLE = YES;
				IPHONEOS_DEPLOYMENT_TARGET = 9.0;
				MTL_ENABLE_DEBUG_INFO = NO;
				SDKROOT = iphoneos;
				TARGETED_DEVICE_FAMILY = "1,2";
				VALIDATE_PRODUCT = YES;
				VERSIONING_SYSTEM = "apple-generic";
				VERSION_INFO_PREFIX = "";
			};
			name = Release;
		};
		14706CC81CC2933500FBD876 /* Debug */ = {
			isa = XCBuildConfiguration;
			buildSettings = {
				CLANG_ENABLE_MODULES = YES;
				DEFINES_MODULE = YES;
				DYLIB_COMPATIBILITY_VERSION = 1;
				DYLIB_CURRENT_VERSION = 1;
				DYLIB_INSTALL_NAME_BASE = "@rpath";
				INFOPLIST_FILE = Chain/Info.plist;
				INSTALL_PATH = "$(LOCAL_LIBRARY_DIR)/Frameworks";
				LD_RUNPATH_SEARCH_PATHS = "$(inherited) @executable_path/Frameworks @loader_path/Frameworks";
				PRODUCT_BUNDLE_IDENTIFIER = codes.seanhenry.Chain;
				PRODUCT_NAME = "$(TARGET_NAME)";
				SKIP_INSTALL = YES;
				SWIFT_OPTIMIZATION_LEVEL = "-Onone";
			};
			name = Debug;
		};
		14706CC91CC2933500FBD876 /* Release */ = {
			isa = XCBuildConfiguration;
			buildSettings = {
				CLANG_ENABLE_MODULES = YES;
				DEFINES_MODULE = YES;
				DYLIB_COMPATIBILITY_VERSION = 1;
				DYLIB_CURRENT_VERSION = 1;
				DYLIB_INSTALL_NAME_BASE = "@rpath";
				INFOPLIST_FILE = Chain/Info.plist;
				INSTALL_PATH = "$(LOCAL_LIBRARY_DIR)/Frameworks";
				LD_RUNPATH_SEARCH_PATHS = "$(inherited) @executable_path/Frameworks @loader_path/Frameworks";
				PRODUCT_BUNDLE_IDENTIFIER = codes.seanhenry.Chain;
				PRODUCT_NAME = "$(TARGET_NAME)";
				SKIP_INSTALL = YES;
			};
			name = Release;
		};
		14706CCB1CC2933500FBD876 /* Debug */ = {
			isa = XCBuildConfiguration;
			buildSettings = {
				INFOPLIST_FILE = ChainTests/Info.plist;
				LD_RUNPATH_SEARCH_PATHS = "$(inherited) @executable_path/Frameworks @loader_path/Frameworks";
				PRODUCT_BUNDLE_IDENTIFIER = codes.seanhenry.ChainTests;
				PRODUCT_NAME = "$(TARGET_NAME)";
			};
			name = Debug;
		};
		14706CCC1CC2933500FBD876 /* Release */ = {
			isa = XCBuildConfiguration;
			buildSettings = {
				INFOPLIST_FILE = ChainTests/Info.plist;
				LD_RUNPATH_SEARCH_PATHS = "$(inherited) @executable_path/Frameworks @loader_path/Frameworks";
				PRODUCT_BUNDLE_IDENTIFIER = codes.seanhenry.ChainTests;
				PRODUCT_NAME = "$(TARGET_NAME)";
			};
			name = Release;
		};
/* End XCBuildConfiguration section */

/* Begin XCConfigurationList section */
		14706CAD1CC2933500FBD876 /* Build configuration list for PBXProject "Chain" */ = {
			isa = XCConfigurationList;
			buildConfigurations = (
				14706CC51CC2933500FBD876 /* Debug */,
				14706CC61CC2933500FBD876 /* Release */,
			);
			defaultConfigurationIsVisible = 0;
			defaultConfigurationName = Release;
		};
		14706CC71CC2933500FBD876 /* Build configuration list for PBXNativeTarget "Chain" */ = {
			isa = XCConfigurationList;
			buildConfigurations = (
				14706CC81CC2933500FBD876 /* Debug */,
				14706CC91CC2933500FBD876 /* Release */,
			);
			defaultConfigurationIsVisible = 0;
			defaultConfigurationName = Release;
		};
		14706CCA1CC2933500FBD876 /* Build configuration list for PBXNativeTarget "ChainTests" */ = {
			isa = XCConfigurationList;
			buildConfigurations = (
				14706CCB1CC2933500FBD876 /* Debug */,
				14706CCC1CC2933500FBD876 /* Release */,
			);
			defaultConfigurationIsVisible = 0;
			defaultConfigurationName = Release;
		};
/* End XCConfigurationList section */
	};
	rootObject = 14706CAA1CC2933500FBD876 /* Project object */;
}
